
Microsoft Visual Studio Solution File, Format Version 12.00
# Visual Studio Version 17
VisualStudioVersion = 17.0.31903.59
MinimumVisualStudioVersion = 10.0.40219.1
Project("{FAE04EC0-301F-11D3-BF4B-00C04F79EFBC}") = "Classes", "Classes\Classes.csproj", "{BC6A3D7A-14B0-4FF8-A7E6-C5835815E515}"
EndProject
Project("{FAE04EC0-301F-11D3-BF4B-00C04F79EFBC}") = "Test", "Test\Test.csproj", "{5E69EE33-B896-4817-AA9D-1556050523F8}"
EndProject
Project("{FAE04EC0-301F-11D3-BF4B-00C04F79EFBC}") = "src", "src\src.csproj", "{434022F3-CE8E-439E-904D-575F7551FFC0}"
EndProject
Global
	GlobalSection(SolutionConfigurationPlatforms) = preSolution
		Debug|Any CPU = Debug|Any CPU
		Release|Any CPU = Release|Any CPU
	EndGlobalSection
	GlobalSection(SolutionProperties) = preSolution
		HideSolutionNode = FALSE
	EndGlobalSection
	GlobalSection(ProjectConfigurationPlatforms) = postSolution
		{BC6A3D7A-14B0-4FF8-A7E6-C5835815E515}.Debug|Any CPU.ActiveCfg = Debug|Any CPU
		{BC6A3D7A-14B0-4FF8-A7E6-C5835815E515}.Debug|Any CPU.Build.0 = Debug|Any CPU
		{BC6A3D7A-14B0-4FF8-A7E6-C5835815E515}.Release|Any CPU.ActiveCfg = Release|Any CPU
		{BC6A3D7A-14B0-4FF8-A7E6-C5835815E515}.Release|Any CPU.Build.0 = Release|Any CPU
		{5E69EE33-B896-4817-AA9D-1556050523F8}.Debug|Any CPU.ActiveCfg = Debug|Any CPU
		{5E69EE33-B896-4817-AA9D-1556050523F8}.Debug|Any CPU.Build.0 = Debug|Any CPU
		{5E69EE33-B896-4817-AA9D-1556050523F8}.Release|Any CPU.ActiveCfg = Release|Any CPU
		{5E69EE33-B896-4817-AA9D-1556050523F8}.Release|Any CPU.Build.0 = Release|Any CPU
		{434022F3-CE8E-439E-904D-575F7551FFC0}.Debug|Any CPU.ActiveCfg = Debug|Any CPU
		{434022F3-CE8E-439E-904D-575F7551FFC0}.Debug|Any CPU.Build.0 = Debug|Any CPU
		{434022F3-CE8E-439E-904D-575F7551FFC0}.Release|Any CPU.ActiveCfg = Release|Any CPU
		{434022F3-CE8E-439E-904D-575F7551FFC0}.Release|Any CPU.Build.0 = Release|Any CPU
	EndGlobalSection
EndGlobal
